// !$*UTF8*$!
{
	archiveVersion = 1;
	classes = {
	};
	objectVersion = 55;
	objects = {

/* Begin PBXBuildFile section */
		32B29E022A3A37780043E7E9 /* AppDelegate.swift in Sources */ = {isa = PBXBuildFile; fileRef = 32B29E012A3A37780043E7E9 /* AppDelegate.swift */; };
		32B29E042A3A37780043E7E9 /* SceneDelegate.swift in Sources */ = {isa = PBXBuildFile; fileRef = 32B29E032A3A37780043E7E9 /* SceneDelegate.swift */; };
		32B29E062A3A37780043E7E9 /* ViewController.swift in Sources */ = {isa = PBXBuildFile; fileRef = 32B29E052A3A37780043E7E9 /* ViewController.swift */; };
		32B29E092A3A37780043E7E9 /* Main.storyboard in Resources */ = {isa = PBXBuildFile; fileRef = 32B29E072A3A37780043E7E9 /* Main.storyboard */; };
		32B29E0B2A3A377B0043E7E9 /* Assets.xcassets in Resources */ = {isa = PBXBuildFile; fileRef = 32B29E0A2A3A377B0043E7E9 /* Assets.xcassets */; };
		32B29E0E2A3A377B0043E7E9 /* LaunchScreen.storyboard in Resources */ = {isa = PBXBuildFile; fileRef = 32B29E0C2A3A377B0043E7E9 /* LaunchScreen.storyboard */; };
		32B29E1A2A3A38A60043E7E9 /* AppUrl.swift in Sources */ = {isa = PBXBuildFile; fileRef = 32B29E172A3A38A60043E7E9 /* AppUrl.swift */; };
		32B29E1B2A3A38A60043E7E9 /* Networking.swift in Sources */ = {isa = PBXBuildFile; fileRef = 32B29E182A3A38A60043E7E9 /* Networking.swift */; };
		32B29E1C2A3A38A60043E7E9 /* UsersApiServices.swift in Sources */ = {isa = PBXBuildFile; fileRef = 32B29E192A3A38A60043E7E9 /* UsersApiServices.swift */; };
		32B29E202A3A39080043E7E9 /* UIImageviewExtentions.swift in Sources */ = {isa = PBXBuildFile; fileRef = 32B29E1E2A3A39080043E7E9 /* UIImageviewExtentions.swift */; };
		32B29E212A3A39080043E7E9 /* NetworkReachability.swift in Sources */ = {isa = PBXBuildFile; fileRef = 32B29E1F2A3A39080043E7E9 /* NetworkReachability.swift */; };
		32B29E242A3A396A0043E7E9 /* User.swift in Sources */ = {isa = PBXBuildFile; fileRef = 32B29E232A3A396A0043E7E9 /* User.swift */; };
		32B29E272A3A3B430043E7E9 /* UserlistViewModel.swift in Sources */ = {isa = PBXBuildFile; fileRef = 32B29E262A3A3B430043E7E9 /* UserlistViewModel.swift */; };
/* End PBXBuildFile section */

/* Begin PBXFileReference section */
		32B29DFE2A3A37780043E7E9 /* AssignmentDemoTest.app */ = {isa = PBXFileReference; explicitFileType = wrapper.application; includeInIndex = 0; path = AssignmentDemoTest.app; sourceTree = BUILT_PRODUCTS_DIR; };
		32B29E012A3A37780043E7E9 /* AppDelegate.swift */ = {isa = PBXFileReference; lastKnownFileType = sourcecode.swift; path = AppDelegate.swift; sourceTree = "<group>"; };
		32B29E032A3A37780043E7E9 /* SceneDelegate.swift */ = {isa = PBXFileReference; lastKnownFileType = sourcecode.swift; path = SceneDelegate.swift; sourceTree = "<group>"; };
		32B29E052A3A37780043E7E9 /* ViewController.swift */ = {isa = PBXFileReference; lastKnownFileType = sourcecode.swift; path = ViewController.swift; sourceTree = "<group>"; };
		32B29E082A3A37780043E7E9 /* Base */ = {isa = PBXFileReference; lastKnownFileType = file.storyboard; name = Base; path = Base.lproj/Main.storyboard; sourceTree = "<group>"; };
		32B29E0A2A3A377B0043E7E9 /* Assets.xcassets */ = {isa = PBXFileReference; lastKnownFileType = folder.assetcatalog; path = Assets.xcassets; sourceTree = "<group>"; };
		32B29E0D2A3A377B0043E7E9 /* Base */ = {isa = PBXFileReference; lastKnownFileType = file.storyboard; name = Base; path = Base.lproj/LaunchScreen.storyboard; sourceTree = "<group>"; };
		32B29E0F2A3A377B0043E7E9 /* Info.plist */ = {isa = PBXFileReference; lastKnownFileType = text.plist.xml; path = Info.plist; sourceTree = "<group>"; };
		32B29E172A3A38A60043E7E9 /* AppUrl.swift */ = {isa = PBXFileReference; fileEncoding = 4; lastKnownFileType = sourcecode.swift; path = AppUrl.swift; sourceTree = "<group>"; };
		32B29E182A3A38A60043E7E9 /* Networking.swift */ = {isa = PBXFileReference; fileEncoding = 4; lastKnownFileType = sourcecode.swift; path = Networking.swift; sourceTree = "<group>"; };
		32B29E192A3A38A60043E7E9 /* UsersApiServices.swift */ = {isa = PBXFileReference; fileEncoding = 4; lastKnownFileType = sourcecode.swift; path = UsersApiServices.swift; sourceTree = "<group>"; };
		32B29E1E2A3A39080043E7E9 /* UIImageviewExtentions.swift */ = {isa = PBXFileReference; fileEncoding = 4; lastKnownFileType = sourcecode.swift; path = UIImageviewExtentions.swift; sourceTree = "<group>"; };
		32B29E1F2A3A39080043E7E9 /* NetworkReachability.swift */ = {isa = PBXFileReference; fileEncoding = 4; lastKnownFileType = sourcecode.swift; path = NetworkReachability.swift; sourceTree = "<group>"; };
		32B29E232A3A396A0043E7E9 /* User.swift */ = {isa = PBXFileReference; fileEncoding = 4; lastKnownFileType = sourcecode.swift; path = User.swift; sourceTree = "<group>"; };
		32B29E262A3A3B430043E7E9 /* UserlistViewModel.swift */ = {isa = PBXFileReference; fileEncoding = 4; lastKnownFileType = sourcecode.swift; path = UserlistViewModel.swift; sourceTree = "<group>"; };
/* End PBXFileReference section */

/* Begin PBXFrameworksBuildPhase section */
		32B29DFB2A3A37780043E7E9 /* Frameworks */ = {
			isa = PBXFrameworksBuildPhase;
			buildActionMask = 2147483647;
			files = (
			);
			runOnlyForDeploymentPostprocessing = 0;
		};
/* End PBXFrameworksBuildPhase section */

/* Begin PBXGroup section */
		32B29DF52A3A37780043E7E9 = {
			isa = PBXGroup;
			children = (
				32B29E002A3A37780043E7E9 /* AssignmentDemoTest */,
				32B29DFF2A3A37780043E7E9 /* Products */,
			);
			sourceTree = "<group>";
		};
		32B29DFF2A3A37780043E7E9 /* Products */ = {
			isa = PBXGroup;
			children = (
				32B29DFE2A3A37780043E7E9 /* AssignmentDemoTest.app */,
			);
			name = Products;
			sourceTree = "<group>";
		};
		32B29E002A3A37780043E7E9 /* AssignmentDemoTest */ = {
			isa = PBXGroup;
			children = (
				32B29E152A3A38530043E7E9 /* MVVM */,
				32B29E012A3A37780043E7E9 /* AppDelegate.swift */,
				32B29E032A3A37780043E7E9 /* SceneDelegate.swift */,
				32B29E052A3A37780043E7E9 /* ViewController.swift */,
				32B29E072A3A37780043E7E9 /* Main.storyboard */,
				32B29E0A2A3A377B0043E7E9 /* Assets.xcassets */,
				32B29E0C2A3A377B0043E7E9 /* LaunchScreen.storyboard */,
				32B29E0F2A3A377B0043E7E9 /* Info.plist */,
			);
			path = AssignmentDemoTest;
			sourceTree = "<group>";
		};
		32B29E152A3A38530043E7E9 /* MVVM */ = {
			isa = PBXGroup;
			children = (
				32B29E282A3A3BB60043E7E9 /* View */,
				32B29E252A3A3B090043E7E9 /* ViewModels */,
				32B29E222A3A39370043E7E9 /* Model */,
				32B29E1D2A3A38D90043E7E9 /* Helper */,
				32B29E162A3A385D0043E7E9 /* Services */,
				32BB566A2A3CC73400371AF5 /* Controller */,
			);
			path = MVVM;
			sourceTree = "<group>";
		};
		32B29E162A3A385D0043E7E9 /* Services */ = {
			isa = PBXGroup;
			children = (
				32B29E172A3A38A60043E7E9 /* AppUrl.swift */,
				32B29E182A3A38A60043E7E9 /* Networking.swift */,
				32B29E192A3A38A60043E7E9 /* UsersApiServices.swift */,
			);
			path = Services;
			sourceTree = "<group>";
		};
		32B29E1D2A3A38D90043E7E9 /* Helper */ = {
			isa = PBXGroup;
			children = (
				32B29E1F2A3A39080043E7E9 /* NetworkReachability.swift */,
				32B29E1E2A3A39080043E7E9 /* UIImageviewExtentions.swift */,
			);
			path = Helper;
			sourceTree = "<group>";
		};
		32B29E222A3A39370043E7E9 /* Model */ = {
			isa = PBXGroup;
			children = (
				32B29E232A3A396A0043E7E9 /* User.swift */,
			);
			path = Model;
			sourceTree = "<group>";
		};
		32B29E252A3A3B090043E7E9 /* ViewModels */ = {
			isa = PBXGroup;
			children = (
				32B29E262A3A3B430043E7E9 /* UserlistViewModel.swift */,
			);
			path = ViewModels;
			sourceTree = "<group>";
		};
		32B29E282A3A3BB60043E7E9 /* View */ = {
			isa = PBXGroup;
			children = (
			);
			path = View;
			sourceTree = "<group>";
		};
		32BB566A2A3CC73400371AF5 /* Controller */ = {
			isa = PBXGroup;
			children = (
			);
			path = Controller;
			sourceTree = "<group>";
		};
/* End PBXGroup section */

/* Begin PBXNativeTarget section */
		32B29DFD2A3A37780043E7E9 /* AssignmentDemoTest */ = {
			isa = PBXNativeTarget;
			buildConfigurationList = 32B29E122A3A377B0043E7E9 /* Build configuration list for PBXNativeTarget "AssignmentDemoTest" */;
			buildPhases = (
				32B29DFA2A3A37780043E7E9 /* Sources */,
				32B29DFB2A3A37780043E7E9 /* Frameworks */,
				32B29DFC2A3A37780043E7E9 /* Resources */,
			);
			buildRules = (
			);
			dependencies = (
			);
			name = AssignmentDemoTest;
			productName = AssignmentDemoTest;
			productReference = 32B29DFE2A3A37780043E7E9 /* AssignmentDemoTest.app */;
			productType = "com.apple.product-type.application";
		};
/* End PBXNativeTarget section */

/* Begin PBXProject section */
		32B29DF62A3A37780043E7E9 /* Project object */ = {
			isa = PBXProject;
			attributes = {
				BuildIndependentTargetsInParallel = 1;
				LastSwiftUpdateCheck = 1320;
				LastUpgradeCheck = 1320;
				TargetAttributes = {
					32B29DFD2A3A37780043E7E9 = {
						CreatedOnToolsVersion = 13.2.1;
					};
				};
			};
			buildConfigurationList = 32B29DF92A3A37780043E7E9 /* Build configuration list for PBXProject "AssignmentDemoTest" */;
			compatibilityVersion = "Xcode 13.0";
			developmentRegion = en;
			hasScannedForEncodings = 0;
			knownRegions = (
				en,
				Base,
			);
			mainGroup = 32B29DF52A3A37780043E7E9;
			productRefGroup = 32B29DFF2A3A37780043E7E9 /* Products */;
			projectDirPath = "";
			projectRoot = "";
			targets = (
				32B29DFD2A3A37780043E7E9 /* AssignmentDemoTest */,
			);
		};
/* End PBXProject section */

/* Begin PBXResourcesBuildPhase section */
		32B29DFC2A3A37780043E7E9 /* Resources */ = {
			isa = PBXResourcesBuildPhase;
			buildActionMask = 2147483647;
			files = (
				32B29E0E2A3A377B0043E7E9 /* LaunchScreen.storyboard in Resources */,
				32B29E0B2A3A377B0043E7E9 /* Assets.xcassets in Resources */,
				32B29E092A3A37780043E7E9 /* Main.storyboard in Resources */,
			);
			runOnlyForDeploymentPostprocessing = 0;
		};
/* End PBXResourcesBuildPhase section */

/* Begin PBXSourcesBuildPhase section */
		32B29DFA2A3A37780043E7E9 /* Sources */ = {
			isa = PBXSourcesBuildPhase;
			buildActionMask = 2147483647;
			files = (
				32B29E062A3A37780043E7E9 /* ViewController.swift in Sources */,
				32B29E202A3A39080043E7E9 /* UIImageviewExtentions.swift in Sources */,
				32B29E1B2A3A38A60043E7E9 /* Networking.swift in Sources */,
				32B29E022A3A37780043E7E9 /* AppDelegate.swift in Sources */,
				32B29E1C2A3A38A60043E7E9 /* UsersApiServices.swift in Sources */,
				32B29E272A3A3B430043E7E9 /* UserlistViewModel.swift in Sources */,
				32B29E242A3A396A0043E7E9 /* User.swift in Sources */,
				32B29E042A3A37780043E7E9 /* SceneDelegate.swift in Sources */,
				32B29E1A2A3A38A60043E7E9 /* AppUrl.swift in Sources */,
				32B29E212A3A39080043E7E9 /* NetworkReachability.swift in Sources */,
			);
			runOnlyForDeploymentPostprocessing = 0;
		};
/* End PBXSourcesBuildPhase section */

/* Begin PBXVariantGroup section */
		32B29E072A3A37780043E7E9 /* Main.storyboard */ = {
			isa = PBXVariantGroup;
			children = (
				32B29E082A3A37780043E7E9 /* Base */,
			);
			name = Main.storyboard;
			sourceTree = "<group>";
		};
		32B29E0C2A3A377B0043E7E9 /* LaunchScreen.storyboard */ = {
			isa = PBXVariantGroup;
			children = (
				32B29E0D2A3A377B0043E7E9 /* Base */,
			);
			name = LaunchScreen.storyboard;
			sourceTree = "<group>";
		};
/* End PBXVariantGroup section */

/* Begin XCBuildConfiguration section */
		32B29E102A3A377B0043E7E9 /* Debug */ = {
			isa = XCBuildConfiguration;
			buildSettings = {
				ALWAYS_SEARCH_USER_PATHS = NO;
				CLANG_ANALYZER_NONNULL = YES;
				CLANG_ANALYZER_NUMBER_OBJECT_CONVERSION = YES_AGGRESSIVE;
				CLANG_CXX_LANGUAGE_STANDARD = "gnu++17";
				CLANG_CXX_LIBRARY = "libc++";
				CLANG_ENABLE_MODULES = YES;
				CLANG_ENABLE_OBJC_ARC = YES;
				CLANG_ENABLE_OBJC_WEAK = YES;
				CLANG_WARN_BLOCK_CAPTURE_AUTORELEASING = YES;
				CLANG_WARN_BOOL_CONVERSION = YES;
				CLANG_WARN_COMMA = YES;
				CLANG_WARN_CONSTANT_CONVERSION = YES;
				CLANG_WARN_DEPRECATED_OBJC_IMPLEMENTATIONS = YES;
				CLANG_WARN_DIRECT_OBJC_ISA_USAGE = YES_ERROR;
				CLANG_WARN_DOCUMENTATION_COMMENTS = YES;
				CLANG_WARN_EMPTY_BODY = YES;
				CLANG_WARN_ENUM_CONVERSION = YES;
				CLANG_WARN_INFINITE_RECURSION = YES;
				CLANG_WARN_INT_CONVERSION = YES;
				CLANG_WARN_NON_LITERAL_NULL_CONVERSION = YES;
				CLANG_WARN_OBJC_IMPLICIT_RETAIN_SELF = YES;
				CLANG_WARN_OBJC_LITERAL_CONVERSION = YES;
				CLANG_WARN_OBJC_ROOT_CLASS = YES_ERROR;
				CLANG_WARN_QUOTED_INCLUDE_IN_FRAMEWORK_HEADER = YES;
				CLANG_WARN_RANGE_LOOP_ANALYSIS = YES;
				CLANG_WARN_STRICT_PROTOTYPES = YES;
				CLANG_WARN_SUSPICIOUS_MOVE = YES;
				CLANG_WARN_UNGUARDED_AVAILABILITY = YES_AGGRESSIVE;
				CLANG_WARN_UNREACHABLE_CODE = YES;
				CLANG_WARN__DUPLICATE_METHOD_MATCH = YES;
				COPY_PHASE_STRIP = NO;
				DEBUG_INFORMATION_FORMAT = dwarf;
				ENABLE_STRICT_OBJC_MSGSEND = YES;
				ENABLE_TESTABILITY = YES;
				GCC_C_LANGUAGE_STANDARD = gnu11;
				GCC_DYNAMIC_NO_PIC = NO;
				GCC_NO_COMMON_BLOCKS = YES;
				GCC_OPTIMIZATION_LEVEL = 0;
				GCC_PREPROCESSOR_DEFINITIONS = (
					"DEBUG=1",
					"$(inherited)",
				);
				GCC_WARN_64_TO_32_BIT_CONVERSION = YES;
				GCC_WARN_ABOUT_RETURN_TYPE = YES_ERROR;
				GCC_WARN_UNDECLARED_SELECTOR = YES;
				GCC_WARN_UNINITIALIZED_AUTOS = YES_AGGRESSIVE;
				GCC_WARN_UNUSED_FUNCTION = YES;
				GCC_WARN_UNUSED_VARIABLE = YES;
				IPHONEOS_DEPLOYMENT_TARGET = 15.2;
				MTL_ENABLE_DEBUG_INFO = INCLUDE_SOURCE;
				MTL_FAST_MATH = YES;
				ONLY_ACTIVE_ARCH = YES;
				SDKROOT = iphoneos;
				SWIFT_ACTIVE_COMPILATION_CONDITIONS = DEBUG;
				SWIFT_OPTIMIZATION_LEVEL = "-Onone";
			};
			name = Debug;
		};
		32B29E112A3A377B0043E7E9 /* Release */ = {
			isa = XCBuildConfiguration;
			buildSettings = {
				ALWAYS_SEARCH_USER_PATHS = NO;
				CLANG_ANALYZER_NONNULL = YES;
				CLANG_ANALYZER_NUMBER_OBJECT_CONVERSION = YES_AGGRESSIVE;
				CLANG_CXX_LANGUAGE_STANDARD = "gnu++17";
				CLANG_CXX_LIBRARY = "libc++";
				CLANG_ENABLE_MODULES = YES;
				CLANG_ENABLE_OBJC_ARC = YES;
				CLANG_ENABLE_OBJC_WEAK = YES;
				CLANG_WARN_BLOCK_CAPTURE_AUTORELEASING = YES;
				CLANG_WARN_BOOL_CONVERSION = YES;
				CLANG_WARN_COMMA = YES;
				CLANG_WARN_CONSTANT_CONVERSION = YES;
				CLANG_WARN_DEPRECATED_OBJC_IMPLEMENTATIONS = YES;
				CLANG_WARN_DIRECT_OBJC_ISA_USAGE = YES_ERROR;
				CLANG_WARN_DOCUMENTATION_COMMENTS = YES;
				CLANG_WARN_EMPTY_BODY = YES;
				CLANG_WARN_ENUM_CONVERSION = YES;
				CLANG_WARN_INFINITE_RECURSION = YES;
				CLANG_WARN_INT_CONVERSION = YES;
				CLANG_WARN_NON_LITERAL_NULL_CONVERSION = YES;
				CLANG_WARN_OBJC_IMPLICIT_RETAIN_SELF = YES;
				CLANG_WARN_OBJC_LITERAL_CONVERSION = YES;
				CLANG_WARN_OBJC_ROOT_CLASS = YES_ERROR;
				CLANG_WARN_QUOTED_INCLUDE_IN_FRAMEWORK_HEADER = YES;
				CLANG_WARN_RANGE_LOOP_ANALYSIS = YES;
				CLANG_WARN_STRICT_PROTOTYPES = YES;
				CLANG_WARN_SUSPICIOUS_MOVE = YES;
				CLANG_WARN_UNGUARDED_AVAILABILITY = YES_AGGRESSIVE;
				CLANG_WARN_UNREACHABLE_CODE = YES;
				CLANG_WARN__DUPLICATE_METHOD_MATCH = YES;
				COPY_PHASE_STRIP = NO;
				DEBUG_INFORMATION_FORMAT = "dwarf-with-dsym";
				ENABLE_NS_ASSERTIONS = NO;
				ENABLE_STRICT_OBJC_MSGSEND = YES;
				GCC_C_LANGUAGE_STANDARD = gnu11;
				GCC_NO_COMMON_BLOCKS = YES;
				GCC_WARN_64_TO_32_BIT_CONVERSION = YES;
				GCC_WARN_ABOUT_RETURN_TYPE = YES_ERROR;
				GCC_WARN_UNDECLARED_SELECTOR = YES;
				GCC_WARN_UNINITIALIZED_AUTOS = YES_AGGRESSIVE;
				GCC_WARN_UNUSED_FUNCTION = YES;
				GCC_WARN_UNUSED_VARIABLE = YES;
				IPHONEOS_DEPLOYMENT_TARGET = 15.2;
				MTL_ENABLE_DEBUG_INFO = NO;
				MTL_FAST_MATH = YES;
				SDKROOT = iphoneos;
				SWIFT_COMPILATION_MODE = wholemodule;
				SWIFT_OPTIMIZATION_LEVEL = "-O";
				VALIDATE_PRODUCT = YES;
			};
			name = Release;
		};
		32B29E132A3A377B0043E7E9 /* Debug */ = {
			isa = XCBuildConfiguration;
			buildSettings = {
				ASSETCATALOG_COMPILER_APPICON_NAME = AppIcon;
				ASSETCATALOG_COMPILER_GLOBAL_ACCENT_COLOR_NAME = AccentColor;
				CODE_SIGN_STYLE = Automatic;
				CURRENT_PROJECT_VERSION = 1;
				GENERATE_INFOPLIST_FILE = YES;
				INFOPLIST_FILE = AssignmentDemoTest/Info.plist;
				INFOPLIST_KEY_UIApplicationSupportsIndirectInputEvents = YES;
				INFOPLIST_KEY_UILaunchStoryboardName = LaunchScreen;
				INFOPLIST_KEY_UIMainStoryboardFile = Main;
				INFOPLIST_KEY_UISupportedInterfaceOrientations_iPad = "UIInterfaceOrientationPortrait UIInterfaceOrientationPortraitUpsideDown UIInterfaceOrientationLandscapeLeft UIInterfaceOrientationLandscapeRight";
				INFOPLIST_KEY_UISupportedInterfaceOrientations_iPhone = "UIInterfaceOrientationPortrait UIInterfaceOrientationLandscapeLeft UIInterfaceOrientationLandscapeRight";
				LD_RUNPATH_SEARCH_PATHS = (
					"$(inherited)",
					"@executable_path/Frameworks",
				);
				MARKETING_VERSION = 1.0;
				PRODUCT_BUNDLE_IDENTIFIER = akash.AssignmentDemoTest;
				PRODUCT_NAME = "$(TARGET_NAME)";
				SWIFT_EMIT_LOC_STRINGS = YES;
				SWIFT_VERSION = 5.0;
				TARGETED_DEVICE_FAMILY = "1,2";
			};
			name = Debug;
		};
		32B29E142A3A377B0043E7E9 /* Release */ = {
			isa = XCBuildConfiguration;
			buildSettings = {
				ASSETCATALOG_COMPILER_APPICON_NAME = AppIcon;
				ASSETCATALOG_COMPILER_GLOBAL_ACCENT_COLOR_NAME = AccentColor;
				CODE_SIGN_STYLE = Automatic;
				CURRENT_PROJECT_VERSION = 1;
				GENERATE_INFOPLIST_FILE = YES;
				INFOPLIST_FILE = AssignmentDemoTest/Info.plist;
				INFOPLIST_KEY_UIApplicationSupportsIndirectInputEvents = YES;
				INFOPLIST_KEY_UILaunchStoryboardName = LaunchScreen;
				INFOPLIST_KEY_UIMainStoryboardFile = Main;
				INFOPLIST_KEY_UISupportedInterfaceOrientations_iPad = "UIInterfaceOrientationPortrait UIInterfaceOrientationPortraitUpsideDown UIInterfaceOrientationLandscapeLeft UIInterfaceOrientationLandscapeRight";
				INFOPLIST_KEY_UISupportedInterfaceOrientations_iPhone = "UIInterfaceOrientationPortrait UIInterfaceOrientationLandscapeLeft UIInterfaceOrientationLandscapeRight";
				LD_RUNPATH_SEARCH_PATHS = (
					"$(inherited)",
					"@executable_path/Frameworks",
				);
				MARKETING_VERSION = 1.0;
				PRODUCT_BUNDLE_IDENTIFIER = akash.AssignmentDemoTest;
				PRODUCT_NAME = "$(TARGET_NAME)";
				SWIFT_EMIT_LOC_STRINGS = YES;
				SWIFT_VERSION = 5.0;
				TARGETED_DEVICE_FAMILY = "1,2";
			};
			name = Release;
		};
/* End XCBuildConfiguration section */

/* Begin XCConfigurationList section */
		32B29DF92A3A37780043E7E9 /* Build configuration list for PBXProject "AssignmentDemoTest" */ = {
			isa = XCConfigurationList;
			buildConfigurations = (
				32B29E102A3A377B0043E7E9 /* Debug */,
				32B29E112A3A377B0043E7E9 /* Release */,
			);
			defaultConfigurationIsVisible = 0;
			defaultConfigurationName = Release;
		};
		32B29E122A3A377B0043E7E9 /* Build configuration list for PBXNativeTarget "AssignmentDemoTest" */ = {
			isa = XCConfigurationList;
			buildConfigurations = (
				32B29E132A3A377B0043E7E9 /* Debug */,
				32B29E142A3A377B0043E7E9 /* Release */,
			);
			defaultConfigurationIsVisible = 0;
			defaultConfigurationName = Release;
		};
/* End XCConfigurationList section */
	};
	rootObject = 32B29DF62A3A37780043E7E9 /* Project object */;
}
